
Microsoft Visual Studio Solution File, Format Version 12.00
Project("{FAE04EC0-301F-11D3-BF4B-00C04F79EFBC}") = "MiniMax", "MiniMax\MiniMax.csproj", "{C400DB1D-0D2D-462E-9440-BE3DF242D97E}"
EndProject
Project("{FAE04EC0-301F-11D3-BF4B-00C04F79EFBC}") = "Tests", "Tests\Tests.csproj", "{AF572F04-4F82-4295-A31D-03F781A3212E}"
EndProject
Global
	GlobalSection(SolutionConfigurationPlatforms) = preSolution
		Debug|Any CPU = Debug|Any CPU
		Release|Any CPU = Release|Any CPU
	EndGlobalSection
	GlobalSection(ProjectConfigurationPlatforms) = postSolution
		{C400DB1D-0D2D-462E-9440-BE3DF242D97E}.Debug|Any CPU.ActiveCfg = Debug|Any CPU
		{C400DB1D-0D2D-462E-9440-BE3DF242D97E}.Debug|Any CPU.Build.0 = Debug|Any CPU
		{C400DB1D-0D2D-462E-9440-BE3DF242D97E}.Release|Any CPU.ActiveCfg = Release|Any CPU
		{C400DB1D-0D2D-462E-9440-BE3DF242D97E}.Release|Any CPU.Build.0 = Release|Any CPU
		{AF572F04-4F82-4295-A31D-03F781A3212E}.Debug|Any CPU.ActiveCfg = Debug|Any CPU
		{AF572F04-4F82-4295-A31D-03F781A3212E}.Debug|Any CPU.Build.0 = Debug|Any CPU
		{AF572F04-4F82-4295-A31D-03F781A3212E}.Release|Any CPU.ActiveCfg = Release|Any CPU
		{AF572F04-4F82-4295-A31D-03F781A3212E}.Release|Any CPU.Build.0 = Release|Any CPU
	EndGlobalSection
	GlobalSection(NestedProjects) = preSolution
	EndGlobalSection
EndGlobal
